
Microsoft Visual Studio Solution File, Format Version 12.00
# Visual Studio Version 17
VisualStudioVersion = 17.14.36301.6 d17.14
MinimumVisualStudioVersion = 10.0.40219.1
Project("{FAE04EC0-301F-11D3-BF4B-00C04F79EFBC}") = "Exam", "Exam\Exam.csproj", "{4822C404-0CE4-4DB3-B4C7-318582FFBEA3}"
EndProject
Global
	GlobalSection(SolutionConfigurationPlatforms) = preSolution
		Debug|Any CPU = Debug|Any CPU
		Release|Any CPU = Release|Any CPU
	EndGlobalSection
	GlobalSection(ProjectConfigurationPlatforms) = postSolution
		{4822C404-0CE4-4DB3-B4C7-318582FFBEA3}.Debug|Any CPU.ActiveCfg = Debug|Any CPU
		{4822C404-0CE4-4DB3-B4C7-318582FFBEA3}.Debug|Any CPU.Build.0 = Debug|Any CPU
		{4822C404-0CE4-4DB3-B4C7-318582FFBEA3}.Release|Any CPU.ActiveCfg = Release|Any CPU
		{4822C404-0CE4-4DB3-B4C7-318582FFBEA3}.Release|Any CPU.Build.0 = Release|Any CPU
	EndGlobalSection
	GlobalSection(SolutionProperties) = preSolution
		HideSolutionNode = FALSE
	EndGlobalSection
	GlobalSection(ExtensibilityGlobals) = postSolution
		SolutionGuid = {1AD4D2DC-CA3B-4CFC-AFA8-83A96DB6C55F}
	EndGlobalSection
EndGlobal
